
Microsoft Visual Studio Solution File, Format Version 12.00
# Visual Studio 15
VisualStudioVersion = 15.0.28307.645
MinimumVisualStudioVersion = 10.0.40219.1
Project("{FAE04EC0-301F-11D3-BF4B-00C04F79EFBC}") = "XamarinFrameworkApp.Android", "XamarinFrameworkApp\XamarinFrameworkApp.Android\XamarinFrameworkApp.Android.csproj", "{F0E0C303-B85A-4E5D-80FB-D8F0743D1BEF}"
EndProject
Project("{FAE04EC0-301F-11D3-BF4B-00C04F79EFBC}") = "XamarinFrameworkApp.iOS", "XamarinFrameworkApp\XamarinFrameworkApp.iOS\XamarinFrameworkApp.iOS.csproj", "{30BD198D-6CAE-46A7-807A-7F5DEEB94DEC}"
EndProject
Project("{D954291E-2A0B-460D-934E-DC6B0785DB48}") = "XamarinFrameworkApp", "XamarinFrameworkApp\XamarinFrameworkApp\XamarinFrameworkApp.shproj", "{09E09402-1047-4767-A49C-0D77E043A173}"
EndProject
Project("{FAE04EC0-301F-11D3-BF4B-00C04F79EFBC}") = "TotesOddityTravel.Android", "TotesOddityTravel\TotesOddityTravel.Android\TotesOddityTravel.Android.csproj", "{39A54802-FC16-4EFF-8A88-D4472F2CB424}"
EndProject
Project("{FAE04EC0-301F-11D3-BF4B-00C04F79EFBC}") = "TotesOddityTravel.iOS", "TotesOddityTravel\TotesOddityTravel.iOS\TotesOddityTravel.iOS.csproj", "{9F1946D4-C5CD-474E-974E-C7D6267EE030}"
EndProject
Project("{9A19103F-16F7-4668-BE54-9A1E7A4F7556}") = "TotesOddityTravel", "TotesOddityTravel\TotesOddityTravel\TotesOddityTravel.csproj", "{1D6FC833-26EA-43EB-8C2D-DB44797DFC43}"
EndProject
Project("{FAE04EC0-301F-11D3-BF4B-00C04F79EFBC}") = "HomeworkManager.Android", "HomeworkManager\HomeworkManager.Android\HomeworkManager.Android.csproj", "{B2BDCA02-2D43-406E-9F3F-AAC203B85FBF}"
EndProject
Project("{FAE04EC0-301F-11D3-BF4B-00C04F79EFBC}") = "HomeworkManager.iOS", "HomeworkManager\HomeworkManager.iOS\HomeworkManager.iOS.csproj", "{4190583F-11AA-4672-9D1C-427C12A1ED39}"
EndProject
Project("{FAE04EC0-301F-11D3-BF4B-00C04F79EFBC}") = "HomeworkManager", "HomeworkManager\HomeworkManager\HomeworkManager.csproj", "{CD40DBCB-8374-42BE-B005-2CEC86809685}"
EndProject
Global
	GlobalSection(SharedMSBuildProjectFiles) = preSolution
		XamarinFrameworkApp\XamarinFrameworkApp\XamarinFrameworkApp.projitems*{09e09402-1047-4767-a49c-0d77e043a173}*SharedItemsImports = 13
		XamarinFrameworkApp\XamarinFrameworkApp\XamarinFrameworkApp.projitems*{30bd198d-6cae-46a7-807a-7f5deeb94dec}*SharedItemsImports = 4
		XamarinFrameworkApp\XamarinFrameworkApp\XamarinFrameworkApp.projitems*{f0e0c303-b85a-4e5d-80fb-d8f0743d1bef}*SharedItemsImports = 4
	EndGlobalSection
	GlobalSection(SolutionConfigurationPlatforms) = preSolution
		Ad-Hoc|Any CPU = Ad-Hoc|Any CPU
		Ad-Hoc|iPhone = Ad-Hoc|iPhone
		Ad-Hoc|iPhoneSimulator = Ad-Hoc|iPhoneSimulator
		AppStore|Any CPU = AppStore|Any CPU
		AppStore|iPhone = AppStore|iPhone
		AppStore|iPhoneSimulator = AppStore|iPhoneSimulator
		Debug|Any CPU = Debug|Any CPU
		Debug|iPhone = Debug|iPhone
		Debug|iPhoneSimulator = Debug|iPhoneSimulator
		Release|Any CPU = Release|Any CPU
		Release|iPhone = Release|iPhone
		Release|iPhoneSimulator = Release|iPhoneSimulator
	EndGlobalSection
	GlobalSection(ProjectConfigurationPlatforms) = postSolution
		{F0E0C303-B85A-4E5D-80FB-D8F0743D1BEF}.Ad-Hoc|Any CPU.ActiveCfg = Release|Any CPU
		{F0E0C303-B85A-4E5D-80FB-D8F0743D1BEF}.Ad-Hoc|Any CPU.Build.0 = Release|Any CPU
		{F0E0C303-B85A-4E5D-80FB-D8F0743D1BEF}.Ad-Hoc|Any CPU.Deploy.0 = Release|Any CPU
		{F0E0C303-B85A-4E5D-80FB-D8F0743D1BEF}.Ad-Hoc|iPhone.ActiveCfg = Release|Any CPU
		{F0E0C303-B85A-4E5D-80FB-D8F0743D1BEF}.Ad-Hoc|iPhone.Build.0 = Release|Any CPU
		{F0E0C303-B85A-4E5D-80FB-D8F0743D1BEF}.Ad-Hoc|iPhone.Deploy.0 = Release|Any CPU
		{F0E0C303-B85A-4E5D-80FB-D8F0743D1BEF}.Ad-Hoc|iPhoneSimulator.ActiveCfg = Release|Any CPU
		{F0E0C303-B85A-4E5D-80FB-D8F0743D1BEF}.Ad-Hoc|iPhoneSimulator.Build.0 = Release|Any CPU
		{F0E0C303-B85A-4E5D-80FB-D8F0743D1BEF}.Ad-Hoc|iPhoneSimulator.Deploy.0 = Release|Any CPU
		{F0E0C303-B85A-4E5D-80FB-D8F0743D1BEF}.AppStore|Any CPU.ActiveCfg = Release|Any CPU
		{F0E0C303-B85A-4E5D-80FB-D8F0743D1BEF}.AppStore|Any CPU.Build.0 = Release|Any CPU
		{F0E0C303-B85A-4E5D-80FB-D8F0743D1BEF}.AppStore|Any CPU.Deploy.0 = Release|Any CPU
		{F0E0C303-B85A-4E5D-80FB-D8F0743D1BEF}.AppStore|iPhone.ActiveCfg = Release|Any CPU
		{F0E0C303-B85A-4E5D-80FB-D8F0743D1BEF}.AppStore|iPhone.Build.0 = Release|Any CPU
		{F0E0C303-B85A-4E5D-80FB-D8F0743D1BEF}.AppStore|iPhone.Deploy.0 = Release|Any CPU
		{F0E0C303-B85A-4E5D-80FB-D8F0743D1BEF}.AppStore|iPhoneSimulator.ActiveCfg = Release|Any CPU
		{F0E0C303-B85A-4E5D-80FB-D8F0743D1BEF}.AppStore|iPhoneSimulator.Build.0 = Release|Any CPU
		{F0E0C303-B85A-4E5D-80FB-D8F0743D1BEF}.AppStore|iPhoneSimulator.Deploy.0 = Release|Any CPU
		{F0E0C303-B85A-4E5D-80FB-D8F0743D1BEF}.Debug|Any CPU.ActiveCfg = Debug|Any CPU
		{F0E0C303-B85A-4E5D-80FB-D8F0743D1BEF}.Debug|Any CPU.Build.0 = Debug|Any CPU
		{F0E0C303-B85A-4E5D-80FB-D8F0743D1BEF}.Debug|Any CPU.Deploy.0 = Debug|Any CPU
		{F0E0C303-B85A-4E5D-80FB-D8F0743D1BEF}.Debug|iPhone.ActiveCfg = Debug|Any CPU
		{F0E0C303-B85A-4E5D-80FB-D8F0743D1BEF}.Debug|iPhone.Build.0 = Debug|Any CPU
		{F0E0C303-B85A-4E5D-80FB-D8F0743D1BEF}.Debug|iPhone.Deploy.0 = Debug|Any CPU
		{F0E0C303-B85A-4E5D-80FB-D8F0743D1BEF}.Debug|iPhoneSimulator.ActiveCfg = Debug|Any CPU
		{F0E0C303-B85A-4E5D-80FB-D8F0743D1BEF}.Debug|iPhoneSimulator.Build.0 = Debug|Any CPU
		{F0E0C303-B85A-4E5D-80FB-D8F0743D1BEF}.Debug|iPhoneSimulator.Deploy.0 = Debug|Any CPU
		{F0E0C303-B85A-4E5D-80FB-D8F0743D1BEF}.Release|Any CPU.ActiveCfg = Release|Any CPU
		{F0E0C303-B85A-4E5D-80FB-D8F0743D1BEF}.Release|Any CPU.Build.0 = Release|Any CPU
		{F0E0C303-B85A-4E5D-80FB-D8F0743D1BEF}.Release|Any CPU.Deploy.0 = Release|Any CPU
		{F0E0C303-B85A-4E5D-80FB-D8F0743D1BEF}.Release|iPhone.ActiveCfg = Release|Any CPU
		{F0E0C303-B85A-4E5D-80FB-D8F0743D1BEF}.Release|iPhone.Build.0 = Release|Any CPU
		{F0E0C303-B85A-4E5D-80FB-D8F0743D1BEF}.Release|iPhone.Deploy.0 = Release|Any CPU
		{F0E0C303-B85A-4E5D-80FB-D8F0743D1BEF}.Release|iPhoneSimulator.ActiveCfg = Release|Any CPU
		{F0E0C303-B85A-4E5D-80FB-D8F0743D1BEF}.Release|iPhoneSimulator.Build.0 = Release|Any CPU
		{F0E0C303-B85A-4E5D-80FB-D8F0743D1BEF}.Release|iPhoneSimulator.Deploy.0 = Release|Any CPU
		{30BD198D-6CAE-46A7-807A-7F5DEEB94DEC}.Ad-Hoc|Any CPU.ActiveCfg = Ad-Hoc|iPhone
		{30BD198D-6CAE-46A7-807A-7F5DEEB94DEC}.Ad-Hoc|Any CPU.Build.0 = Ad-Hoc|iPhone
		{30BD198D-6CAE-46A7-807A-7F5DEEB94DEC}.Ad-Hoc|Any CPU.Deploy.0 = Ad-Hoc|iPhone
		{30BD198D-6CAE-46A7-807A-7F5DEEB94DEC}.Ad-Hoc|iPhone.ActiveCfg = Ad-Hoc|iPhone
		{30BD198D-6CAE-46A7-807A-7F5DEEB94DEC}.Ad-Hoc|iPhone.Build.0 = Ad-Hoc|iPhone
		{30BD198D-6CAE-46A7-807A-7F5DEEB94DEC}.Ad-Hoc|iPhone.Deploy.0 = Ad-Hoc|iPhone
		{30BD198D-6CAE-46A7-807A-7F5DEEB94DEC}.Ad-Hoc|iPhoneSimulator.ActiveCfg = Ad-Hoc|iPhoneSimulator
		{30BD198D-6CAE-46A7-807A-7F5DEEB94DEC}.Ad-Hoc|iPhoneSimulator.Build.0 = Ad-Hoc|iPhoneSimulator
		{30BD198D-6CAE-46A7-807A-7F5DEEB94DEC}.Ad-Hoc|iPhoneSimulator.Deploy.0 = Ad-Hoc|iPhoneSimulator
		{30BD198D-6CAE-46A7-807A-7F5DEEB94DEC}.AppStore|Any CPU.ActiveCfg = AppStore|iPhone
		{30BD198D-6CAE-46A7-807A-7F5DEEB94DEC}.AppStore|Any CPU.Build.0 = AppStore|iPhone
		{30BD198D-6CAE-46A7-807A-7F5DEEB94DEC}.AppStore|Any CPU.Deploy.0 = AppStore|iPhone
		{30BD198D-6CAE-46A7-807A-7F5DEEB94DEC}.AppStore|iPhone.ActiveCfg = AppStore|iPhone
		{30BD198D-6CAE-46A7-807A-7F5DEEB94DEC}.AppStore|iPhone.Build.0 = AppStore|iPhone
		{30BD198D-6CAE-46A7-807A-7F5DEEB94DEC}.AppStore|iPhone.Deploy.0 = AppStore|iPhone
		{30BD198D-6CAE-46A7-807A-7F5DEEB94DEC}.AppStore|iPhoneSimulator.ActiveCfg = AppStore|iPhoneSimulator
		{30BD198D-6CAE-46A7-807A-7F5DEEB94DEC}.AppStore|iPhoneSimulator.Build.0 = AppStore|iPhoneSimulator
		{30BD198D-6CAE-46A7-807A-7F5DEEB94DEC}.AppStore|iPhoneSimulator.Deploy.0 = AppStore|iPhoneSimulator
		{30BD198D-6CAE-46A7-807A-7F5DEEB94DEC}.Debug|Any CPU.ActiveCfg = Debug|iPhoneSimulator
		{30BD198D-6CAE-46A7-807A-7F5DEEB94DEC}.Debug|Any CPU.Build.0 = Debug|iPhoneSimulator
		{30BD198D-6CAE-46A7-807A-7F5DEEB94DEC}.Debug|Any CPU.Deploy.0 = Debug|iPhoneSimulator
		{30BD198D-6CAE-46A7-807A-7F5DEEB94DEC}.Debug|iPhone.ActiveCfg = Debug|iPhone
		{30BD198D-6CAE-46A7-807A-7F5DEEB94DEC}.Debug|iPhone.Build.0 = Debug|iPhone
		{30BD198D-6CAE-46A7-807A-7F5DEEB94DEC}.Debug|iPhone.Deploy.0 = Debug|iPhone
		{30BD198D-6CAE-46A7-807A-7F5DEEB94DEC}.Debug|iPhoneSimulator.ActiveCfg = Debug|iPhoneSimulator
		{30BD198D-6CAE-46A7-807A-7F5DEEB94DEC}.Debug|iPhoneSimulator.Build.0 = Debug|iPhoneSimulator
		{30BD198D-6CAE-46A7-807A-7F5DEEB94DEC}.Debug|iPhoneSimulator.Deploy.0 = Debug|iPhoneSimulator
		{30BD198D-6CAE-46A7-807A-7F5DEEB94DEC}.Release|Any CPU.ActiveCfg = Release|iPhone
		{30BD198D-6CAE-46A7-807A-7F5DEEB94DEC}.Release|Any CPU.Build.0 = Release|iPhone
		{30BD198D-6CAE-46A7-807A-7F5DEEB94DEC}.Release|Any CPU.Deploy.0 = Release|iPhone
		{30BD198D-6CAE-46A7-807A-7F5DEEB94DEC}.Release|iPhone.ActiveCfg = Release|iPhone
		{30BD198D-6CAE-46A7-807A-7F5DEEB94DEC}.Release|iPhone.Build.0 = Release|iPhone
		{30BD198D-6CAE-46A7-807A-7F5DEEB94DEC}.Release|iPhone.Deploy.0 = Release|iPhone
		{30BD198D-6CAE-46A7-807A-7F5DEEB94DEC}.Release|iPhoneSimulator.ActiveCfg = Release|iPhoneSimulator
		{30BD198D-6CAE-46A7-807A-7F5DEEB94DEC}.Release|iPhoneSimulator.Build.0 = Release|iPhoneSimulator
		{30BD198D-6CAE-46A7-807A-7F5DEEB94DEC}.Release|iPhoneSimulator.Deploy.0 = Release|iPhoneSimulator
		{39A54802-FC16-4EFF-8A88-D4472F2CB424}.Ad-Hoc|Any CPU.ActiveCfg = Release|Any CPU
		{39A54802-FC16-4EFF-8A88-D4472F2CB424}.Ad-Hoc|Any CPU.Build.0 = Release|Any CPU
		{39A54802-FC16-4EFF-8A88-D4472F2CB424}.Ad-Hoc|Any CPU.Deploy.0 = Release|Any CPU
		{39A54802-FC16-4EFF-8A88-D4472F2CB424}.Ad-Hoc|iPhone.ActiveCfg = Release|Any CPU
		{39A54802-FC16-4EFF-8A88-D4472F2CB424}.Ad-Hoc|iPhone.Build.0 = Release|Any CPU
		{39A54802-FC16-4EFF-8A88-D4472F2CB424}.Ad-Hoc|iPhone.Deploy.0 = Release|Any CPU
		{39A54802-FC16-4EFF-8A88-D4472F2CB424}.Ad-Hoc|iPhoneSimulator.ActiveCfg = Release|Any CPU
		{39A54802-FC16-4EFF-8A88-D4472F2CB424}.Ad-Hoc|iPhoneSimulator.Build.0 = Release|Any CPU
		{39A54802-FC16-4EFF-8A88-D4472F2CB424}.Ad-Hoc|iPhoneSimulator.Deploy.0 = Release|Any CPU
		{39A54802-FC16-4EFF-8A88-D4472F2CB424}.AppStore|Any CPU.ActiveCfg = Release|Any CPU
		{39A54802-FC16-4EFF-8A88-D4472F2CB424}.AppStore|Any CPU.Build.0 = Release|Any CPU
		{39A54802-FC16-4EFF-8A88-D4472F2CB424}.AppStore|Any CPU.Deploy.0 = Release|Any CPU
		{39A54802-FC16-4EFF-8A88-D4472F2CB424}.AppStore|iPhone.ActiveCfg = Release|Any CPU
		{39A54802-FC16-4EFF-8A88-D4472F2CB424}.AppStore|iPhone.Build.0 = Release|Any CPU
		{39A54802-FC16-4EFF-8A88-D4472F2CB424}.AppStore|iPhone.Deploy.0 = Release|Any CPU
		{39A54802-FC16-4EFF-8A88-D4472F2CB424}.AppStore|iPhoneSimulator.ActiveCfg = Release|Any CPU
		{39A54802-FC16-4EFF-8A88-D4472F2CB424}.AppStore|iPhoneSimulator.Build.0 = Release|Any CPU
		{39A54802-FC16-4EFF-8A88-D4472F2CB424}.AppStore|iPhoneSimulator.Deploy.0 = Release|Any CPU
		{39A54802-FC16-4EFF-8A88-D4472F2CB424}.Debug|Any CPU.ActiveCfg = Debug|Any CPU
		{39A54802-FC16-4EFF-8A88-D4472F2CB424}.Debug|Any CPU.Build.0 = Debug|Any CPU
		{39A54802-FC16-4EFF-8A88-D4472F2CB424}.Debug|Any CPU.Deploy.0 = Debug|Any CPU
		{39A54802-FC16-4EFF-8A88-D4472F2CB424}.Debug|iPhone.ActiveCfg = Debug|Any CPU
		{39A54802-FC16-4EFF-8A88-D4472F2CB424}.Debug|iPhone.Build.0 = Debug|Any CPU
		{39A54802-FC16-4EFF-8A88-D4472F2CB424}.Debug|iPhone.Deploy.0 = Debug|Any CPU
		{39A54802-FC16-4EFF-8A88-D4472F2CB424}.Debug|iPhoneSimulator.ActiveCfg = Debug|Any CPU
		{39A54802-FC16-4EFF-8A88-D4472F2CB424}.Debug|iPhoneSimulator.Build.0 = Debug|Any CPU
		{39A54802-FC16-4EFF-8A88-D4472F2CB424}.Debug|iPhoneSimulator.Deploy.0 = Debug|Any CPU
		{39A54802-FC16-4EFF-8A88-D4472F2CB424}.Release|Any CPU.ActiveCfg = Release|Any CPU
		{39A54802-FC16-4EFF-8A88-D4472F2CB424}.Release|Any CPU.Build.0 = Release|Any CPU
		{39A54802-FC16-4EFF-8A88-D4472F2CB424}.Release|Any CPU.Deploy.0 = Release|Any CPU
		{39A54802-FC16-4EFF-8A88-D4472F2CB424}.Release|iPhone.ActiveCfg = Release|Any CPU
		{39A54802-FC16-4EFF-8A88-D4472F2CB424}.Release|iPhone.Build.0 = Release|Any CPU
		{39A54802-FC16-4EFF-8A88-D4472F2CB424}.Release|iPhone.Deploy.0 = Release|Any CPU
		{39A54802-FC16-4EFF-8A88-D4472F2CB424}.Release|iPhoneSimulator.ActiveCfg = Release|Any CPU
		{39A54802-FC16-4EFF-8A88-D4472F2CB424}.Release|iPhoneSimulator.Build.0 = Release|Any CPU
		{39A54802-FC16-4EFF-8A88-D4472F2CB424}.Release|iPhoneSimulator.Deploy.0 = Release|Any CPU
		{9F1946D4-C5CD-474E-974E-C7D6267EE030}.Ad-Hoc|Any CPU.ActiveCfg = Ad-Hoc|iPhone
		{9F1946D4-C5CD-474E-974E-C7D6267EE030}.Ad-Hoc|iPhone.ActiveCfg = Ad-Hoc|iPhone
		{9F1946D4-C5CD-474E-974E-C7D6267EE030}.Ad-Hoc|iPhone.Build.0 = Ad-Hoc|iPhone
		{9F1946D4-C5CD-474E-974E-C7D6267EE030}.Ad-Hoc|iPhoneSimulator.ActiveCfg = Ad-Hoc|iPhoneSimulator
		{9F1946D4-C5CD-474E-974E-C7D6267EE030}.Ad-Hoc|iPhoneSimulator.Build.0 = Ad-Hoc|iPhoneSimulator
		{9F1946D4-C5CD-474E-974E-C7D6267EE030}.AppStore|Any CPU.ActiveCfg = AppStore|iPhone
		{9F1946D4-C5CD-474E-974E-C7D6267EE030}.AppStore|iPhone.ActiveCfg = AppStore|iPhone
		{9F1946D4-C5CD-474E-974E-C7D6267EE030}.AppStore|iPhone.Build.0 = AppStore|iPhone
		{9F1946D4-C5CD-474E-974E-C7D6267EE030}.AppStore|iPhoneSimulator.ActiveCfg = AppStore|iPhoneSimulator
		{9F1946D4-C5CD-474E-974E-C7D6267EE030}.AppStore|iPhoneSimulator.Build.0 = AppStore|iPhoneSimulator
		{9F1946D4-C5CD-474E-974E-C7D6267EE030}.Debug|Any CPU.ActiveCfg = Debug|iPhone
		{9F1946D4-C5CD-474E-974E-C7D6267EE030}.Debug|iPhone.ActiveCfg = Debug|iPhone
		{9F1946D4-C5CD-474E-974E-C7D6267EE030}.Debug|iPhone.Build.0 = Debug|iPhone
		{9F1946D4-C5CD-474E-974E-C7D6267EE030}.Debug|iPhoneSimulator.ActiveCfg = Debug|iPhoneSimulator
		{9F1946D4-C5CD-474E-974E-C7D6267EE030}.Debug|iPhoneSimulator.Build.0 = Debug|iPhoneSimulator
		{9F1946D4-C5CD-474E-974E-C7D6267EE030}.Release|Any CPU.ActiveCfg = Release|iPhone
		{9F1946D4-C5CD-474E-974E-C7D6267EE030}.Release|iPhone.ActiveCfg = Release|iPhone
		{9F1946D4-C5CD-474E-974E-C7D6267EE030}.Release|iPhone.Build.0 = Release|iPhone
		{9F1946D4-C5CD-474E-974E-C7D6267EE030}.Release|iPhoneSimulator.ActiveCfg = Release|iPhoneSimulator
		{9F1946D4-C5CD-474E-974E-C7D6267EE030}.Release|iPhoneSimulator.Build.0 = Release|iPhoneSimulator
		{1D6FC833-26EA-43EB-8C2D-DB44797DFC43}.Ad-Hoc|Any CPU.ActiveCfg = Debug|Any CPU
		{1D6FC833-26EA-43EB-8C2D-DB44797DFC43}.Ad-Hoc|Any CPU.Build.0 = Debug|Any CPU
		{1D6FC833-26EA-43EB-8C2D-DB44797DFC43}.Ad-Hoc|iPhone.ActiveCfg = Debug|Any CPU
		{1D6FC833-26EA-43EB-8C2D-DB44797DFC43}.Ad-Hoc|iPhone.Build.0 = Debug|Any CPU
		{1D6FC833-26EA-43EB-8C2D-DB44797DFC43}.Ad-Hoc|iPhoneSimulator.ActiveCfg = Debug|Any CPU
		{1D6FC833-26EA-43EB-8C2D-DB44797DFC43}.Ad-Hoc|iPhoneSimulator.Build.0 = Debug|Any CPU
		{1D6FC833-26EA-43EB-8C2D-DB44797DFC43}.AppStore|Any CPU.ActiveCfg = Debug|Any CPU
		{1D6FC833-26EA-43EB-8C2D-DB44797DFC43}.AppStore|Any CPU.Build.0 = Debug|Any CPU
		{1D6FC833-26EA-43EB-8C2D-DB44797DFC43}.AppStore|iPhone.ActiveCfg = Debug|Any CPU
		{1D6FC833-26EA-43EB-8C2D-DB44797DFC43}.AppStore|iPhone.Build.0 = Debug|Any CPU
		{1D6FC833-26EA-43EB-8C2D-DB44797DFC43}.AppStore|iPhoneSimulator.ActiveCfg = Debug|Any CPU
		{1D6FC833-26EA-43EB-8C2D-DB44797DFC43}.AppStore|iPhoneSimulator.Build.0 = Debug|Any CPU
		{1D6FC833-26EA-43EB-8C2D-DB44797DFC43}.Debug|Any CPU.ActiveCfg = Debug|Any CPU
		{1D6FC833-26EA-43EB-8C2D-DB44797DFC43}.Debug|Any CPU.Build.0 = Debug|Any CPU
		{1D6FC833-26EA-43EB-8C2D-DB44797DFC43}.Debug|iPhone.ActiveCfg = Debug|Any CPU
		{1D6FC833-26EA-43EB-8C2D-DB44797DFC43}.Debug|iPhone.Build.0 = Debug|Any CPU
		{1D6FC833-26EA-43EB-8C2D-DB44797DFC43}.Debug|iPhoneSimulator.ActiveCfg = Debug|Any CPU
		{1D6FC833-26EA-43EB-8C2D-DB44797DFC43}.Debug|iPhoneSimulator.Build.0 = Debug|Any CPU
		{1D6FC833-26EA-43EB-8C2D-DB44797DFC43}.Release|Any CPU.ActiveCfg = Release|Any CPU
		{1D6FC833-26EA-43EB-8C2D-DB44797DFC43}.Release|Any CPU.Build.0 = Release|Any CPU
		{1D6FC833-26EA-43EB-8C2D-DB44797DFC43}.Release|iPhone.ActiveCfg = Release|Any CPU
		{1D6FC833-26EA-43EB-8C2D-DB44797DFC43}.Release|iPhone.Build.0 = Release|Any CPU
		{1D6FC833-26EA-43EB-8C2D-DB44797DFC43}.Release|iPhoneSimulator.ActiveCfg = Release|Any CPU
		{1D6FC833-26EA-43EB-8C2D-DB44797DFC43}.Release|iPhoneSimulator.Build.0 = Release|Any CPU
		{B2BDCA02-2D43-406E-9F3F-AAC203B85FBF}.Ad-Hoc|Any CPU.ActiveCfg = Release|Any CPU
		{B2BDCA02-2D43-406E-9F3F-AAC203B85FBF}.Ad-Hoc|Any CPU.Build.0 = Release|Any CPU
		{B2BDCA02-2D43-406E-9F3F-AAC203B85FBF}.Ad-Hoc|Any CPU.Deploy.0 = Release|Any CPU
		{B2BDCA02-2D43-406E-9F3F-AAC203B85FBF}.Ad-Hoc|iPhone.ActiveCfg = Release|Any CPU
		{B2BDCA02-2D43-406E-9F3F-AAC203B85FBF}.Ad-Hoc|iPhone.Build.0 = Release|Any CPU
		{B2BDCA02-2D43-406E-9F3F-AAC203B85FBF}.Ad-Hoc|iPhone.Deploy.0 = Release|Any CPU
		{B2BDCA02-2D43-406E-9F3F-AAC203B85FBF}.Ad-Hoc|iPhoneSimulator.ActiveCfg = Release|Any CPU
		{B2BDCA02-2D43-406E-9F3F-AAC203B85FBF}.Ad-Hoc|iPhoneSimulator.Build.0 = Release|Any CPU
		{B2BDCA02-2D43-406E-9F3F-AAC203B85FBF}.Ad-Hoc|iPhoneSimulator.Deploy.0 = Release|Any CPU
		{B2BDCA02-2D43-406E-9F3F-AAC203B85FBF}.AppStore|Any CPU.ActiveCfg = Release|Any CPU
		{B2BDCA02-2D43-406E-9F3F-AAC203B85FBF}.AppStore|Any CPU.Build.0 = Release|Any CPU
		{B2BDCA02-2D43-406E-9F3F-AAC203B85FBF}.AppStore|Any CPU.Deploy.0 = Release|Any CPU
		{B2BDCA02-2D43-406E-9F3F-AAC203B85FBF}.AppStore|iPhone.ActiveCfg = Release|Any CPU
		{B2BDCA02-2D43-406E-9F3F-AAC203B85FBF}.AppStore|iPhone.Build.0 = Release|Any CPU
		{B2BDCA02-2D43-406E-9F3F-AAC203B85FBF}.AppStore|iPhone.Deploy.0 = Release|Any CPU
		{B2BDCA02-2D43-406E-9F3F-AAC203B85FBF}.AppStore|iPhoneSimulator.ActiveCfg = Release|Any CPU
		{B2BDCA02-2D43-406E-9F3F-AAC203B85FBF}.AppStore|iPhoneSimulator.Build.0 = Release|Any CPU
		{B2BDCA02-2D43-406E-9F3F-AAC203B85FBF}.AppStore|iPhoneSimulator.Deploy.0 = Release|Any CPU
		{B2BDCA02-2D43-406E-9F3F-AAC203B85FBF}.Debug|Any CPU.ActiveCfg = Debug|Any CPU
		{B2BDCA02-2D43-406E-9F3F-AAC203B85FBF}.Debug|Any CPU.Build.0 = Debug|Any CPU
		{B2BDCA02-2D43-406E-9F3F-AAC203B85FBF}.Debug|Any CPU.Deploy.0 = Debug|Any CPU
		{B2BDCA02-2D43-406E-9F3F-AAC203B85FBF}.Debug|iPhone.ActiveCfg = Debug|Any CPU
		{B2BDCA02-2D43-406E-9F3F-AAC203B85FBF}.Debug|iPhone.Build.0 = Debug|Any CPU
		{B2BDCA02-2D43-406E-9F3F-AAC203B85FBF}.Debug|iPhone.Deploy.0 = Debug|Any CPU
		{B2BDCA02-2D43-406E-9F3F-AAC203B85FBF}.Debug|iPhoneSimulator.ActiveCfg = Debug|Any CPU
		{B2BDCA02-2D43-406E-9F3F-AAC203B85FBF}.Debug|iPhoneSimulator.Build.0 = Debug|Any CPU
		{B2BDCA02-2D43-406E-9F3F-AAC203B85FBF}.Debug|iPhoneSimulator.Deploy.0 = Debug|Any CPU
		{B2BDCA02-2D43-406E-9F3F-AAC203B85FBF}.Release|Any CPU.ActiveCfg = Release|Any CPU
		{B2BDCA02-2D43-406E-9F3F-AAC203B85FBF}.Release|Any CPU.Build.0 = Release|Any CPU
		{B2BDCA02-2D43-406E-9F3F-AAC203B85FBF}.Release|Any CPU.Deploy.0 = Release|Any CPU
		{B2BDCA02-2D43-406E-9F3F-AAC203B85FBF}.Release|iPhone.ActiveCfg = Release|Any CPU
		{B2BDCA02-2D43-406E-9F3F-AAC203B85FBF}.Release|iPhone.Build.0 = Release|Any CPU
		{B2BDCA02-2D43-406E-9F3F-AAC203B85FBF}.Release|iPhone.Deploy.0 = Release|Any CPU
		{B2BDCA02-2D43-406E-9F3F-AAC203B85FBF}.Release|iPhoneSimulator.ActiveCfg = Release|Any CPU
		{B2BDCA02-2D43-406E-9F3F-AAC203B85FBF}.Release|iPhoneSimulator.Build.0 = Release|Any CPU
		{B2BDCA02-2D43-406E-9F3F-AAC203B85FBF}.Release|iPhoneSimulator.Deploy.0 = Release|Any CPU
		{4190583F-11AA-4672-9D1C-427C12A1ED39}.Ad-Hoc|Any CPU.ActiveCfg = Ad-Hoc|iPhone
		{4190583F-11AA-4672-9D1C-427C12A1ED39}.Ad-Hoc|iPhone.ActiveCfg = Ad-Hoc|iPhone
		{4190583F-11AA-4672-9D1C-427C12A1ED39}.Ad-Hoc|iPhone.Build.0 = Ad-Hoc|iPhone
		{4190583F-11AA-4672-9D1C-427C12A1ED39}.Ad-Hoc|iPhoneSimulator.ActiveCfg = Ad-Hoc|iPhoneSimulator
		{4190583F-11AA-4672-9D1C-427C12A1ED39}.Ad-Hoc|iPhoneSimulator.Build.0 = Ad-Hoc|iPhoneSimulator
		{4190583F-11AA-4672-9D1C-427C12A1ED39}.AppStore|Any CPU.ActiveCfg = AppStore|iPhone
		{4190583F-11AA-4672-9D1C-427C12A1ED39}.AppStore|iPhone.ActiveCfg = AppStore|iPhone
		{4190583F-11AA-4672-9D1C-427C12A1ED39}.AppStore|iPhone.Build.0 = AppStore|iPhone
		{4190583F-11AA-4672-9D1C-427C12A1ED39}.AppStore|iPhoneSimulator.ActiveCfg = AppStore|iPhoneSimulator
		{4190583F-11AA-4672-9D1C-427C12A1ED39}.AppStore|iPhoneSimulator.Build.0 = AppStore|iPhoneSimulator
		{4190583F-11AA-4672-9D1C-427C12A1ED39}.Debug|Any CPU.ActiveCfg = Debug|iPhone
		{4190583F-11AA-4672-9D1C-427C12A1ED39}.Debug|iPhone.ActiveCfg = Debug|iPhone
		{4190583F-11AA-4672-9D1C-427C12A1ED39}.Debug|iPhone.Build.0 = Debug|iPhone
		{4190583F-11AA-4672-9D1C-427C12A1ED39}.Debug|iPhoneSimulator.ActiveCfg = Debug|iPhoneSimulator
		{4190583F-11AA-4672-9D1C-427C12A1ED39}.Debug|iPhoneSimulator.Build.0 = Debug|iPhoneSimulator
		{4190583F-11AA-4672-9D1C-427C12A1ED39}.Release|Any CPU.ActiveCfg = Release|iPhone
		{4190583F-11AA-4672-9D1C-427C12A1ED39}.Release|iPhone.ActiveCfg = Release|iPhone
		{4190583F-11AA-4672-9D1C-427C12A1ED39}.Release|iPhone.Build.0 = Release|iPhone
		{4190583F-11AA-4672-9D1C-427C12A1ED39}.Release|iPhoneSimulator.ActiveCfg = Release|iPhoneSimulator
		{4190583F-11AA-4672-9D1C-427C12A1ED39}.Release|iPhoneSimulator.Build.0 = Release|iPhoneSimulator
		{CD40DBCB-8374-42BE-B005-2CEC86809685}.Ad-Hoc|Any CPU.ActiveCfg = Debug|Any CPU
		{CD40DBCB-8374-42BE-B005-2CEC86809685}.Ad-Hoc|Any CPU.Build.0 = Debug|Any CPU
		{CD40DBCB-8374-42BE-B005-2CEC86809685}.Ad-Hoc|iPhone.ActiveCfg = Debug|Any CPU
		{CD40DBCB-8374-42BE-B005-2CEC86809685}.Ad-Hoc|iPhone.Build.0 = Debug|Any CPU
		{CD40DBCB-8374-42BE-B005-2CEC86809685}.Ad-Hoc|iPhoneSimulator.ActiveCfg = Debug|Any CPU
		{CD40DBCB-8374-42BE-B005-2CEC86809685}.Ad-Hoc|iPhoneSimulator.Build.0 = Debug|Any CPU
		{CD40DBCB-8374-42BE-B005-2CEC86809685}.AppStore|Any CPU.ActiveCfg = Debug|Any CPU
		{CD40DBCB-8374-42BE-B005-2CEC86809685}.AppStore|Any CPU.Build.0 = Debug|Any CPU
		{CD40DBCB-8374-42BE-B005-2CEC86809685}.AppStore|iPhone.ActiveCfg = Debug|Any CPU
		{CD40DBCB-8374-42BE-B005-2CEC86809685}.AppStore|iPhone.Build.0 = Debug|Any CPU
		{CD40DBCB-8374-42BE-B005-2CEC86809685}.AppStore|iPhoneSimulator.ActiveCfg = Debug|Any CPU
		{CD40DBCB-8374-42BE-B005-2CEC86809685}.AppStore|iPhoneSimulator.Build.0 = Debug|Any CPU
		{CD40DBCB-8374-42BE-B005-2CEC86809685}.Debug|Any CPU.ActiveCfg = Debug|Any CPU
		{CD40DBCB-8374-42BE-B005-2CEC86809685}.Debug|Any CPU.Build.0 = Debug|Any CPU
		{CD40DBCB-8374-42BE-B005-2CEC86809685}.Debug|iPhone.ActiveCfg = Debug|Any CPU
		{CD40DBCB-8374-42BE-B005-2CEC86809685}.Debug|iPhone.Build.0 = Debug|Any CPU
		{CD40DBCB-8374-42BE-B005-2CEC86809685}.Debug|iPhoneSimulator.ActiveCfg = Debug|Any CPU
		{CD40DBCB-8374-42BE-B005-2CEC86809685}.Debug|iPhoneSimulator.Build.0 = Debug|Any CPU
		{CD40DBCB-8374-42BE-B005-2CEC86809685}.Release|Any CPU.ActiveCfg = Release|Any CPU
		{CD40DBCB-8374-42BE-B005-2CEC86809685}.Release|Any CPU.Build.0 = Release|Any CPU
		{CD40DBCB-8374-42BE-B005-2CEC86809685}.Release|iPhone.ActiveCfg = Release|Any CPU
		{CD40DBCB-8374-42BE-B005-2CEC86809685}.Release|iPhone.Build.0 = Release|Any CPU
		{CD40DBCB-8374-42BE-B005-2CEC86809685}.Release|iPhoneSimulator.ActiveCfg = Release|Any CPU
		{CD40DBCB-8374-42BE-B005-2CEC86809685}.Release|iPhoneSimulator.Build.0 = Release|Any CPU
	EndGlobalSection
	GlobalSection(SolutionProperties) = preSolution
		HideSolutionNode = FALSE
	EndGlobalSection
	GlobalSection(ExtensibilityGlobals) = postSolution
		SolutionGuid = {345CD309-55A7-4477-A763-EE6D8C727310}
	EndGlobalSection
EndGlobal
